
Microsoft Visual Studio Solution File, Format Version 12.00
# Visual Studio 15
VisualStudioVersion = 15.0.26124.0
MinimumVisualStudioVersion = 15.0.26124.0
Project("{FAE04EC0-301F-11D3-BF4B-00C04F79EFBC}") = "API", "API\API.csproj", "{D7890518-32BE-4447-B7B1-CE85A88FF869}"
EndProject
Project("{FAE04EC0-301F-11D3-BF4B-00C04F79EFBC}") = "Core", "Core\Core.csproj", "{4B526C98-4508-4801-895C-AAE14221139B}"
EndProject
Project("{FAE04EC0-301F-11D3-BF4B-00C04F79EFBC}") = "Infrastructure", "Infrastructure\Infrastructure.csproj", "{0653F11D-E04A-46B9-ABE2-A87CD4C727C2}"
EndProject
Global
	GlobalSection(SolutionConfigurationPlatforms) = preSolution
		Debug|Any CPU = Debug|Any CPU
		Debug|x64 = Debug|x64
		Debug|x86 = Debug|x86
		Release|Any CPU = Release|Any CPU
		Release|x64 = Release|x64
		Release|x86 = Release|x86
	EndGlobalSection
	GlobalSection(SolutionProperties) = preSolution
		HideSolutionNode = FALSE
	EndGlobalSection
	GlobalSection(ProjectConfigurationPlatforms) = postSolution
		{D7890518-32BE-4447-B7B1-CE85A88FF869}.Debug|Any CPU.ActiveCfg = Debug|Any CPU
		{D7890518-32BE-4447-B7B1-CE85A88FF869}.Debug|Any CPU.Build.0 = Debug|Any CPU
		{D7890518-32BE-4447-B7B1-CE85A88FF869}.Debug|x64.ActiveCfg = Debug|Any CPU
		{D7890518-32BE-4447-B7B1-CE85A88FF869}.Debug|x64.Build.0 = Debug|Any CPU
		{D7890518-32BE-4447-B7B1-CE85A88FF869}.Debug|x86.ActiveCfg = Debug|Any CPU
		{D7890518-32BE-4447-B7B1-CE85A88FF869}.Debug|x86.Build.0 = Debug|Any CPU
		{D7890518-32BE-4447-B7B1-CE85A88FF869}.Release|Any CPU.ActiveCfg = Release|Any CPU
		{D7890518-32BE-4447-B7B1-CE85A88FF869}.Release|Any CPU.Build.0 = Release|Any CPU
		{D7890518-32BE-4447-B7B1-CE85A88FF869}.Release|x64.ActiveCfg = Release|Any CPU
		{D7890518-32BE-4447-B7B1-CE85A88FF869}.Release|x64.Build.0 = Release|Any CPU
		{D7890518-32BE-4447-B7B1-CE85A88FF869}.Release|x86.ActiveCfg = Release|Any CPU
		{D7890518-32BE-4447-B7B1-CE85A88FF869}.Release|x86.Build.0 = Release|Any CPU
		{4B526C98-4508-4801-895C-AAE14221139B}.Debug|Any CPU.ActiveCfg = Debug|Any CPU
		{4B526C98-4508-4801-895C-AAE14221139B}.Debug|Any CPU.Build.0 = Debug|Any CPU
		{4B526C98-4508-4801-895C-AAE14221139B}.Debug|x64.ActiveCfg = Debug|Any CPU
		{4B526C98-4508-4801-895C-AAE14221139B}.Debug|x64.Build.0 = Debug|Any CPU
		{4B526C98-4508-4801-895C-AAE14221139B}.Debug|x86.ActiveCfg = Debug|Any CPU
		{4B526C98-4508-4801-895C-AAE14221139B}.Debug|x86.Build.0 = Debug|Any CPU
		{4B526C98-4508-4801-895C-AAE14221139B}.Release|Any CPU.ActiveCfg = Release|Any CPU
		{4B526C98-4508-4801-895C-AAE14221139B}.Release|Any CPU.Build.0 = Release|Any CPU
		{4B526C98-4508-4801-895C-AAE14221139B}.Release|x64.ActiveCfg = Release|Any CPU
		{4B526C98-4508-4801-895C-AAE14221139B}.Release|x64.Build.0 = Release|Any CPU
		{4B526C98-4508-4801-895C-AAE14221139B}.Release|x86.ActiveCfg = Release|Any CPU
		{4B526C98-4508-4801-895C-AAE14221139B}.Release|x86.Build.0 = Release|Any CPU
		{0653F11D-E04A-46B9-ABE2-A87CD4C727C2}.Debug|Any CPU.ActiveCfg = Debug|Any CPU
		{0653F11D-E04A-46B9-ABE2-A87CD4C727C2}.Debug|Any CPU.Build.0 = Debug|Any CPU
		{0653F11D-E04A-46B9-ABE2-A87CD4C727C2}.Debug|x64.ActiveCfg = Debug|Any CPU
		{0653F11D-E04A-46B9-ABE2-A87CD4C727C2}.Debug|x64.Build.0 = Debug|Any CPU
		{0653F11D-E04A-46B9-ABE2-A87CD4C727C2}.Debug|x86.ActiveCfg = Debug|Any CPU
		{0653F11D-E04A-46B9-ABE2-A87CD4C727C2}.Debug|x86.Build.0 = Debug|Any CPU
		{0653F11D-E04A-46B9-ABE2-A87CD4C727C2}.Release|Any CPU.ActiveCfg = Release|Any CPU
		{0653F11D-E04A-46B9-ABE2-A87CD4C727C2}.Release|Any CPU.Build.0 = Release|Any CPU
		{0653F11D-E04A-46B9-ABE2-A87CD4C727C2}.Release|x64.ActiveCfg = Release|Any CPU
		{0653F11D-E04A-46B9-ABE2-A87CD4C727C2}.Release|x64.Build.0 = Release|Any CPU
		{0653F11D-E04A-46B9-ABE2-A87CD4C727C2}.Release|x86.ActiveCfg = Release|Any CPU
		{0653F11D-E04A-46B9-ABE2-A87CD4C727C2}.Release|x86.Build.0 = Release|Any CPU
	EndGlobalSection
EndGlobal
